
Microsoft Visual Studio Solution File, Format Version 12.00
# Visual Studio Version 17
VisualStudioVersion = 17.9.34723.18
MinimumVisualStudioVersion = 10.0.40219.1
Project("{FAE04EC0-301F-11D3-BF4B-00C04F79EFBC}") = "net23_asp_net_labb1", "net23_asp_net_labb1\net23_asp_net_labb1.csproj", "{0DA045FA-5661-49DB-9B0E-47B853355EF0}"
EndProject
Global
	GlobalSection(SolutionConfigurationPlatforms) = preSolution
		Debug|Any CPU = Debug|Any CPU
		Release|Any CPU = Release|Any CPU
	EndGlobalSection
	GlobalSection(ProjectConfigurationPlatforms) = postSolution
		{0DA045FA-5661-49DB-9B0E-47B853355EF0}.Debug|Any CPU.ActiveCfg = Debug|Any CPU
		{0DA045FA-5661-49DB-9B0E-47B853355EF0}.Debug|Any CPU.Build.0 = Debug|Any CPU
		{0DA045FA-5661-49DB-9B0E-47B853355EF0}.Release|Any CPU.ActiveCfg = Release|Any CPU
		{0DA045FA-5661-49DB-9B0E-47B853355EF0}.Release|Any CPU.Build.0 = Release|Any CPU
	EndGlobalSection
	GlobalSection(SolutionProperties) = preSolution
		HideSolutionNode = FALSE
	EndGlobalSection
	GlobalSection(ExtensibilityGlobals) = postSolution
		SolutionGuid = {0F1CCDCD-2188-4EFF-8652-6D8001AC8BAE}
	EndGlobalSection
EndGlobal
